
Microsoft Visual Studio Solution File, Format Version 12.00
# Visual Studio Version 16
VisualStudioVersion = 16.0.31112.23
MinimumVisualStudioVersion = 10.0.40219.1
Project("{FAE04EC0-301F-11D3-BF4B-00C04F79EFBC}") = "demoapp", "demoapp\demoapp.csproj", "{FBB2370D-0049-4C1B-B2FB-2068522F641E}"
EndProject
Global
	GlobalSection(SolutionConfigurationPlatforms) = preSolution
		Debug|Any CPU = Debug|Any CPU
		Release|Any CPU = Release|Any CPU
	EndGlobalSection
	GlobalSection(ProjectConfigurationPlatforms) = postSolution
		{FBB2370D-0049-4C1B-B2FB-2068522F641E}.Debug|Any CPU.ActiveCfg = Debug|Any CPU
		{FBB2370D-0049-4C1B-B2FB-2068522F641E}.Debug|Any CPU.Build.0 = Debug|Any CPU
		{FBB2370D-0049-4C1B-B2FB-2068522F641E}.Release|Any CPU.ActiveCfg = Release|Any CPU
		{FBB2370D-0049-4C1B-B2FB-2068522F641E}.Release|Any CPU.Build.0 = Release|Any CPU
	EndGlobalSection
	GlobalSection(SolutionProperties) = preSolution
		HideSolutionNode = FALSE
	EndGlobalSection
	GlobalSection(ExtensibilityGlobals) = postSolution
		SolutionGuid = {EDE2EA1E-8C03-4ED8-B9E0-76971100B530}
	EndGlobalSection
EndGlobal
